
Microsoft Visual Studio Solution File, Format Version 12.00
# Visual Studio Version 16
VisualStudioVersion = 16.0.31515.178
MinimumVisualStudioVersion = 10.0.40219.1
Project("{8BC9CEB8-8B4A-11D0-8D11-00A0C91BC942}") = "Tính tổ hợp", "Tính tổ hợp.vcxproj", "{45908EAD-61CC-4365-A20A-C27860160226}"
EndProject
Global
	GlobalSection(SolutionConfigurationPlatforms) = preSolution
		Debug|x64 = Debug|x64
		Debug|x86 = Debug|x86
		Release|x64 = Release|x64
		Release|x86 = Release|x86
	EndGlobalSection
	GlobalSection(ProjectConfigurationPlatforms) = postSolution
		{45908EAD-61CC-4365-A20A-C27860160226}.Debug|x64.ActiveCfg = Debug|x64
		{45908EAD-61CC-4365-A20A-C27860160226}.Debug|x64.Build.0 = Debug|x64
		{45908EAD-61CC-4365-A20A-C27860160226}.Debug|x86.ActiveCfg = Debug|Win32
		{45908EAD-61CC-4365-A20A-C27860160226}.Debug|x86.Build.0 = Debug|Win32
		{45908EAD-61CC-4365-A20A-C27860160226}.Release|x64.ActiveCfg = Release|x64
		{45908EAD-61CC-4365-A20A-C27860160226}.Release|x64.Build.0 = Release|x64
		{45908EAD-61CC-4365-A20A-C27860160226}.Release|x86.ActiveCfg = Release|Win32
		{45908EAD-61CC-4365-A20A-C27860160226}.Release|x86.Build.0 = Release|Win32
	EndGlobalSection
	GlobalSection(SolutionProperties) = preSolution
		HideSolutionNode = FALSE
	EndGlobalSection
	GlobalSection(ExtensibilityGlobals) = postSolution
		SolutionGuid = {A4AEF547-8547-4729-8A25-6B31A866B1D8}
	EndGlobalSection
EndGlobal
