
Microsoft Visual Studio Solution File, Format Version 12.00
# Visual Studio Version 16
VisualStudioVersion = 16.0.31515.178
MinimumVisualStudioVersion = 10.0.40219.1
Project("{8BC9CEB8-8B4A-11D0-8D11-00A0C91BC942}") = "So lon thu hai cua day", "So lon thu hai cua day.vcxproj", "{CD162A09-ECB9-45DB-8F76-6D4A0430E19E}"
EndProject
Global
	GlobalSection(SolutionConfigurationPlatforms) = preSolution
		Debug|x64 = Debug|x64
		Debug|x86 = Debug|x86
		Release|x64 = Release|x64
		Release|x86 = Release|x86
	EndGlobalSection
	GlobalSection(ProjectConfigurationPlatforms) = postSolution
		{CD162A09-ECB9-45DB-8F76-6D4A0430E19E}.Debug|x64.ActiveCfg = Debug|x64
		{CD162A09-ECB9-45DB-8F76-6D4A0430E19E}.Debug|x64.Build.0 = Debug|x64
		{CD162A09-ECB9-45DB-8F76-6D4A0430E19E}.Debug|x86.ActiveCfg = Debug|Win32
		{CD162A09-ECB9-45DB-8F76-6D4A0430E19E}.Debug|x86.Build.0 = Debug|Win32
		{CD162A09-ECB9-45DB-8F76-6D4A0430E19E}.Release|x64.ActiveCfg = Release|x64
		{CD162A09-ECB9-45DB-8F76-6D4A0430E19E}.Release|x64.Build.0 = Release|x64
		{CD162A09-ECB9-45DB-8F76-6D4A0430E19E}.Release|x86.ActiveCfg = Release|Win32
		{CD162A09-ECB9-45DB-8F76-6D4A0430E19E}.Release|x86.Build.0 = Release|Win32
	EndGlobalSection
	GlobalSection(SolutionProperties) = preSolution
		HideSolutionNode = FALSE
	EndGlobalSection
	GlobalSection(ExtensibilityGlobals) = postSolution
		SolutionGuid = {922360B7-0EEE-47CF-B817-8D4C4371549F}
	EndGlobalSection
EndGlobal
