
Microsoft Visual Studio Solution File, Format Version 12.00
# Visual Studio Version 16
VisualStudioVersion = 16.0.31515.178
MinimumVisualStudioVersion = 10.0.40219.1
Project("{8BC9CEB8-8B4A-11D0-8D11-00A0C91BC942}") = "Nhập dãy số", "Nhập dãy số.vcxproj", "{6C369FC6-1082-479B-BB83-723FF40282BA}"
EndProject
Global
	GlobalSection(SolutionConfigurationPlatforms) = preSolution
		Debug|x64 = Debug|x64
		Debug|x86 = Debug|x86
		Release|x64 = Release|x64
		Release|x86 = Release|x86
	EndGlobalSection
	GlobalSection(ProjectConfigurationPlatforms) = postSolution
		{6C369FC6-1082-479B-BB83-723FF40282BA}.Debug|x64.ActiveCfg = Debug|x64
		{6C369FC6-1082-479B-BB83-723FF40282BA}.Debug|x64.Build.0 = Debug|x64
		{6C369FC6-1082-479B-BB83-723FF40282BA}.Debug|x86.ActiveCfg = Debug|Win32
		{6C369FC6-1082-479B-BB83-723FF40282BA}.Debug|x86.Build.0 = Debug|Win32
		{6C369FC6-1082-479B-BB83-723FF40282BA}.Release|x64.ActiveCfg = Release|x64
		{6C369FC6-1082-479B-BB83-723FF40282BA}.Release|x64.Build.0 = Release|x64
		{6C369FC6-1082-479B-BB83-723FF40282BA}.Release|x86.ActiveCfg = Release|Win32
		{6C369FC6-1082-479B-BB83-723FF40282BA}.Release|x86.Build.0 = Release|Win32
	EndGlobalSection
	GlobalSection(SolutionProperties) = preSolution
		HideSolutionNode = FALSE
	EndGlobalSection
	GlobalSection(ExtensibilityGlobals) = postSolution
		SolutionGuid = {28313AD8-01D4-458E-B33F-CC147C5D282D}
	EndGlobalSection
EndGlobal
